# This file is automatically @generated by Cargo.
# It is not intended for manual editing.
version = 4

[[package]]
name = "Inflector"
version = "0.11.4"
source = "registry+https://github.com/rust-lang/crates.io-index"
checksum = "fe438c63458706e03479442743baae6c88256498e6431708f6dfc520a26515d3"
dependencies = [
 "lazy_static",
 "regex",
]

[[package]]
name = "agave-feature-set"
version = "4.2.2"
source = "registry+https://github.com/rust-lang/crates.io-index"
checksum = "6e724c6d41535d61eb4cba9d0e8919487c4e78e311fd25aef3ab9bc5e674e8d"
dependencies = [
 "solana-pubkey 4.2.1",
]

[[package]]
name = "agave-reserved-account-keys"
version = "4.2.2"
source = "registry+https://github.com/rust-lang/crates.io-index"
checksum = "677c8ee1fcf085c244443362076203d83e280cb36b83d1af43cb33cf84eab55e"
dependencies = [
 "agave-feature-set",
 "solana-pubkey 4.2.1",
]

[[package]]
name = "ahash"
version = "0.8.12"
source = "registry+https://github.com/rust-lang/crates.io-index"
checksum = "5a15f179cd60c4584b8a8c5969274668d6909515d8b4bd51359dd6a995079fa8"
dependencies = [
 "cfg-if",
 "once_cell",
 "version_check",
 "zerocopy",
]

[[package]]
name = "aho-corasick"
version = "1.1.5"
source = "registry+https://github.com/rust-lang/crates.io-index"
checksum = "f18d17e4652c0a2e61746c72ebdcfec6101f4462a70df8bb7421cad75a6c3a91"
dependencies = [
 "memchr",
]

[[package]]
name = "arrayref"
version = "0.3.9"
source = "registry+https://github.com/rust-lang/crates.io-index"
checksum = "76a2e8124351fda1a01e2f0b775fe5155e7b82f8465d5671f3a87bdadab2548d"

[[package]]
name = "ascii"
version = "0.9.3"
source = "registry+https://github.com/rust-lang/crates.io-index"
checksum = "87d068a37c679289e6edc42442511e5f7faea2663208f87e328ccabec7f61d75"

[[package]]
name = "async-trait"
version = "0.1.89"
source = "registry+https://github.com/rust-lang/crates.io-index"
checksum = "7c4258a7e21245ebf49250bf72bd5e2cc5b9f298e7f0895352a88f7778224d82"
dependencies = [
 "proc-macro2",
 "quote",
 "syn 2.0.119",
]

[[package]]
name = "autocfg"
version = "1.5.1"
source = "registry+https://github.com/rust-lang/crates.io-index"
checksum = "c08606f8c3cbf4ce6ec8e28fb0014a2c086708fe954eaa885384a6165172e7e8"

[[package]]
name = "base64"
version = "0.22.1"
source = "registry+https://github.com/rust-lang/crates.io-index"
checksum = "72b3258bc2f23b39a3fdb0f71e4c61a55fdc5a76cfc20e833e3cb834f96648f7"

[[package]]
name = "base64ct"
version = "1.8.3"
source = "registry+https://github.com/rust-lang/crates.io-index"
checksum = "826a8f7d67631f887db0755287982f5a7d753b728fbd6e519434d5bf3cced0e5"

[[package]]
name = "bincode"
version = "1.3.3"
source = "registry+https://github.com/rust-lang/crates.io-index"
checksum = "b70c145b65e7f9f9281567a9a04982d2732c0c5abfc96b15070c2f077844bf52"
dependencies = [
 "serde",
]

[[package]]
name = "bitflags"
version = "2.13.1"
source = "registry+https://github.com/rust-lang/crates.io-index"
checksum = "3fe89dc439b52ff77e5747c617165f394c62ad9d8dfbfb9ac9d8447ce799178a"
dependencies = [
 "serde_core",
]

[[package]]
name = "block-buffer"
version = "0.10.4"
source = "registry+https://github.com/rust-lang/crates.io-index"
checksum = "3078c7629b62d3f0439517fa394996acaccb21ceac92d671cce789e0c46e9b41"
dependencies = [
 "generic-array",
]

[[package]]
name = "borsh"
version = "1.8.1"
source = "registry+https://github.com/rust-lang/crates.io-index"
checksum = "60a00d8a467f41155985675f70b1bdc6cbc40b05db4ea2bc673c909a101ee7db"
dependencies = [
 "borsh-derive",
 "cfg_aliases",
]

[[package]]
name = "borsh-derive"
version = "1.8.1"
source = "registry+https://github.com/rust-lang/crates.io-index"
checksum = "d456a6e7e05b1988d2d700c86bfe70c9042ed1be99d09f9b528ef4fed5a60eaa"
dependencies = [
 "once_cell",
 "proc-macro-crate",
 "proc-macro2",
 "quote",
 "syn 2.0.119",
]

[[package]]
name = "bs58"
version = "0.5.1"
source = "registry+https://github.com/rust-lang/crates.io-index"
checksum = "bf88ba1141d185c399bee9e5b7d1966f1c61d6cf31da1a2b14fd9a4e2c11e82b"

[[package]]
name = "bv"
version = "0.11.1"
source = "registry+https://github.com/rust-lang/crates.io-index"
checksum = "883e155235cad183e9eaa285e72d0d7e5aa84d786a8fa606decc0ef75f9b8ab6"
dependencies = [
 "feature-probe",
 "serde",
]

[[package]]
name = "bytemuck"
version = "1.25.2"
source = "registry+https://github.com/rust-lang/crates.io-index"
checksum = "f9284d92c1b389fff25cd7e74898d4341a3e6f5dc22d9787a33c8db2f82a5f32"
dependencies = [
 "bytemuck_derive",
]

[[package]]
name = "bytemuck_derive"
version = "1.12.0"
source = "registry+https://github.com/rust-lang/crates.io-index"
checksum = "8b2321b8a672e1a729559bf87eeecb02d77489c1df635d2b32d23551404e9474"
dependencies = [
 "proc-macro2",
 "quote",
 "syn 2.0.119",
]

[[package]]
name = "byteorder"
version = "1.5.0"
source = "registry+https://github.com/rust-lang/crates.io-index"
checksum = "1fd0f2584146f6f2ef48085050886acf353beff7305ebd1ae69500e27c67f64b"

[[package]]
name = "bytes"
version = "1.12.1"
source = "registry+https://github.com/rust-lang/crates.io-index"
checksum = "2c4be01e11e7b5f65a8dc1bcff635ed8780cc522c47c3f895fdec2eb641b0a73"

[[package]]
name = "carbon-core"
version = "2.0.0"
source = "registry+https://github.com/rust-lang/crates.io-index"
checksum = "22245b745b4d2c79c9a9a235d2242900101d303b8a5d5d76a99c43f23d1c8f77"
dependencies = [
 "async-trait",
 "carbon-macros",
 "carbon-proc-macros",
 "chrono",
 "log",
 "serde",
 "serde-big-array",
 "serde_json",
 "solana-account 4.3.2",
 "solana-account-decoder",
 "solana-hash",
 "solana-instruction",
 "solana-message",
 "solana-pubkey 4.2.1",
 "solana-signature",
 "solana-transaction",
 "solana-transaction-status",
 "thiserror 2.0.20",
 "tokio",
 "tokio-util",
 "uuid",
]

[[package]]
name = "carbon-macros"
version = "2.0.0"
source = "registry+https://github.com/rust-lang/crates.io-index"
checksum = "e7897ccfe5ced89c2507015406935f3325f887175506439c3b87909d6c93e08d"

[[package]]
name = "carbon-proc-macros"
version = "2.0.0"
source = "registry+https://github.com/rust-lang/crates.io-index"
checksum = "7a3ca0208accc8ef3a2158c2d048a4419e2fba9ce3090c0cbc6e4e0c54ad388f"
dependencies = [
 "inflector",
 "proc-macro2",
 "quote",
 "syn 1.0.109",
]

[[package]]
name = "carbon-runtime-replay-v1"
version = "0.1.0"
dependencies = [
 "async-trait",
 "carbon-core",
 "serde_json",
 "tokio",
 "tokio-util",
]

[[package]]
name = "cc"
version = "1.4.5"
source = "registry+https://github.com/rust-lang/crates.io-index"
checksum = "cf4b41d973089a20c85757c6d06c4d4cbba610594981f82a70ff0571eb3f126b"
dependencies = [
 "find-msvc-tools",
 "jobserver",
 "libc",
 "shlex",
]

[[package]]
name = "cfg-if"
version = "1.0.4"
source = "registry+https://github.com/rust-lang/crates.io-index"
checksum = "9330f8b2ff13f34540b44e946ef35111825727b38d33286ef986142615121801"

[[package]]
name = "cfg_aliases"
version = "0.2.2"
source = "registry+https://github.com/rust-lang/crates.io-index"
checksum = "28c0386bb4e57a83cf007c50ad49c1b60ec25100297bb549161fae38818b63df"

[[package]]
name = "cfg_eval"
version = "0.1.2"
source = "registry+https://github.com/rust-lang/crates.io-index"
checksum = "15da2c656305d3a2845280cafb0aee67cd40dbf27a4eac39ff7cae413be51688"
dependencies = [
 "syn 2.0.119",
]

[[package]]
name = "chrono"
version = "0.4.45"
source = "registry+https://github.com/rust-lang/crates.io-index"
checksum = "8525f175d79bcdef317add65477d7d8f6196b7d1412fced980c33638899907c4"
dependencies = [
 "iana-time-zone",
 "num-traits",
 "serde",
]

[[package]]
name = "combine"
version = "3.8.1"
source = "registry+https://github.com/rust-lang/crates.io-index"
checksum = "1630c15ccbd148fd4b1b55e813f39b78ccf330745b4d9976344693fb72f8f51d"
dependencies = [
 "ascii",
 "byteorder",
 "either",
 "memchr",
 "unreachable",
]

[[package]]
name = "const-oid"
version = "0.9.6"
source = "registry+https://github.com/rust-lang/crates.io-index"
checksum = "c56d88f7c44c0ac13f5009cd28ec36766c75b6595d8356208a481252b039bae4"

[[package]]
name = "cpufeatures"
version = "0.2.17"
source = "registry+https://github.com/rust-lang/crates.io-index"
checksum = "59ed5838eebb26a2bb2e58f6d5b5316989ae9d08bab10e0e6d103e656d1b0280"
dependencies = [
 "libc",
]

[[package]]
name = "crypto-common"
version = "0.1.7"
source = "registry+https://github.com/rust-lang/crates.io-index"
checksum = "f3a40cc1bf3eb68cbd9a23e4eae775546a96aaf94a3a5f60ebfa9fa4f7a2d5d5"
dependencies = [
 "generic-array",
 "typenum",
]

[[package]]
name = "curve25519-dalek"
version = "4.1.3"
source = "registry+https://github.com/rust-lang/crates.io-index"
checksum = "ec98066fdc2c8a13e8b1dcf2f4cf6bc1989ffb36e5f68e347974bb6e4a6d42ef"
dependencies = [
 "cfg-if",
 "cpufeatures",
 "curve25519-dalek-derive",
 "digest",
 "fiat-crypto",
 "rustc_version",
 "serde",
 "subtle",
 "zeroize",
]

[[package]]
name = "curve25519-dalek-derive"
version = "0.1.1"
source = "registry+https://github.com/rust-lang/crates.io-index"
checksum = "f4683f9a97369e37a5c863be3c3b38158f34e0600f3f0003f127957fcd5f958b"
dependencies = [
 "proc-macro2",
 "quote",
 "syn 2.0.119",
]

[[package]]
name = "darling"
version = "0.23.0"
source = "registry+https://github.com/rust-lang/crates.io-index"
checksum = "14069be68a4e11671ca66202f720034f023428e999021598b500c23c8b92778c"
dependencies = [
 "darling_core 0.23.0",
 "darling_macro 0.23.0",
]

[[package]]
name = "darling"
version = "0.24.1"
source = "registry+https://github.com/rust-lang/crates.io-index"
checksum = "5a6029f187c458381e5f1d5fd54fed9398fbcb58ba90ddcc167e4bd2700dcfd6"
dependencies = [
 "darling_core 0.24.1",
 "darling_macro 0.24.1",
]

[[package]]
name = "darling_core"
version = "0.23.0"
source = "registry+https://github.com/rust-lang/crates.io-index"
checksum = "83c366986be648604227f8fd3cb096f68f73f82d5db9423215222117b6ce5a18"
dependencies = [
 "fnv",
 "ident_case",
 "proc-macro2",
 "quote",
 "strsim",
 "syn 2.0.119",
]

[[package]]
name = "darling_core"
version = "0.24.1"
source = "registry+https://github.com/rust-lang/crates.io-index"
checksum = "b150e9978430199ed066f1522b2c0d7d089bc5eae9c8557ce152ea676690f7e3"
dependencies = [
 "ident_case",
 "proc-macro2",
 "quote",
 "strsim",
 "syn 2.0.119",
]

[[package]]
name = "darling_macro"
version = "0.23.0"
source = "registry+https://github.com/rust-lang/crates.io-index"
checksum = "d272f5c96bb31b5cb2e8bb14e5bc0c27cb69c80e2a4fc32f4d7ca08b28362035"
dependencies = [
 "darling_core 0.23.0",
 "quote",
 "syn 2.0.119",
]

[[package]]
name = "darling_macro"
version = "0.24.1"
source = "registry+https://github.com/rust-lang/crates.io-index"
checksum = "2f7cbe1699c8b24b3939f032d306e3aabca9a1e2c870d0418e0c1c2ace069c84"
dependencies = [
 "darling_core 0.24.1",
 "quote",
 "syn 2.0.119",
]

[[package]]
name = "der"
version = "0.7.10"
source = "registry+https://github.com/rust-lang/crates.io-index"
checksum = "e5c3b169cf476c7b1e65c68b72505084404e4eb69042259590c79ec25e0e7d61"
dependencies = [
 "const-oid",
 "zeroize",
]

[[package]]
name = "digest"
version = "0.10.7"
source = "registry+https://github.com/rust-lang/crates.io-index"
checksum = "9ed9a1c6c92be87b090f2f4e3ca44506823b000891a694d812644a1beac1a8fb"
dependencies = [
 "block-buffer",
 "crypto-common",
 "subtle",
]

[[package]]
name = "ed25519"
version = "2.2.3"
source = "registry+https://github.com/rust-lang/crates.io-index"
checksum = "115531babc129696a58c64a4e501f9b2b3f97218102ea06021e0bf9e66a84e12"
dependencies = [
 "pkcs8",
 "serde_core",
 "signature",
]

[[package]]
name = "ed25519-dalek"
version = "2.2.0"
source = "registry+https://github.com/rust-lang/crates.io-index"
checksum = "70e796c081cee67dc755e1f6eda44319ad7d8c25b9a6f4c7f512db874904bb47"
dependencies = [
 "curve25519-dalek",
 "ed25519",
 "serde",
 "sha2",
 "subtle",
 "zeroize",
]

[[package]]
name = "either"
version = "1.18.0"
source = "registry+https://github.com/rust-lang/crates.io-index"
checksum = "c6b833a24fb5ecb888633c42b7954ad85a2625da37be90a137200759f1a6559e"

[[package]]
name = "equivalent"
version = "1.0.2"
source = "registry+https://github.com/rust-lang/crates.io-index"
checksum = "877a4ace8713b0bcf2a4e7eec82529c029f1d0619886d18145fea96c3ffe5c0f"

[[package]]
name = "errno"
version = "0.3.14"
source = "registry+https://github.com/rust-lang/crates.io-index"
checksum = "5c94860f52b6b5682052342231502b1e8a6f4872e11db5257c64f38b576b4c84"
dependencies = [
 "libc",
 "windows-sys",
]

[[package]]
name = "feature-probe"
version = "0.1.1"
source = "registry+https://github.com/rust-lang/crates.io-index"
checksum = "835a3dc7d1ec4db3756fd83bd06f5c3d4d3c52e9c87f6e5316034dd2df05c2ae"

[[package]]
name = "fiat-crypto"
version = "0.2.9"
source = "registry+https://github.com/rust-lang/crates.io-index"
checksum = "28dea605444f72d6c82047fe7c7409c142b47fc7451f01989bc673a801f981bd"

[[package]]
name = "find-msvc-tools"
version = "0.1.12"
source = "registry+https://github.com/rust-lang/crates.io-index"
checksum = "3e21f028048777273f0151f4a7bbf3f47f34b8f7222947811b56ab684c73f84a"

[[package]]
name = "five8"
version = "1.0.0"
source = "registry+https://github.com/rust-lang/crates.io-index"
checksum = "4c99f348c14c52f46a344d6ad7b094260293a35ae1c0b4a172a65d40e7418797"
dependencies = [
 "five8_core",
]

[[package]]
name = "five8_const"
version = "1.0.0"
source = "registry+https://github.com/rust-lang/crates.io-index"
checksum = "c3452c10c53af960ae009c052023317f993712539732484425159220dc3c4ed2"
dependencies = [
 "five8_core",
]

[[package]]
name = "five8_core"
version = "1.0.0"
source = "registry+https://github.com/rust-lang/crates.io-index"
checksum = "73056cf455309623be3e2b07d03e0d0db3cd8c496b477ff407c5d774489ef347"

[[package]]
name = "fnv"
version = "1.0.7"
source = "registry+https://github.com/rust-lang/crates.io-index"
checksum = "3f9eec918d3f24069decb9af185fa59f16f88d3a716db3f9928525cc31f3c739"

[[package]]
name = "futures-core"
version = "0.3.34"
source = "registry+https://github.com/rust-lang/crates.io-index"
checksum = "dd14fef51314d5267ec7caad57048c4fd5267aaf8bd6586fb8158d4a24fd2836"

[[package]]
name = "futures-sink"
version = "0.3.34"
source = "registry+https://github.com/rust-lang/crates.io-index"
checksum = "11f138828ab5b1af2f36d6f64268de52359d70b89bd6d7749526999ef83a0873"

[[package]]
name = "generic-array"
version = "0.14.7"
source = "registry+https://github.com/rust-lang/crates.io-index"
checksum = "85649ca3a443a1a2b5969c4f5193665f09f62e9a37f8dd438c5c39f41e52ac8"
dependencies = [
 "typenum",
 "version_check",
]

[[package]]
name = "getrandom"
version = "0.2.17"
source = "registry+https://github.com/rust-lang/crates.io-index"
checksum = "bb1b47327ae40bd8c9ccefe67581d5432b887571bec550092e8882eb1998035b"
dependencies = [
 "cfg-if",
 "libc",
 "wasi 0.11.1+wasi-snapshot-preview1",
]

[[package]]
name = "getrandom"
version = "0.3.4"
source = "registry+https://github.com/rust-lang/crates.io-index"
checksum = "899def5c37c4fd7b2664648c28120ecec138e4d395b459e5ca34f9cce2dd77fd"
dependencies = [
 "cfg-if",
 "libc",
 "r-efi 5.3.0",
 "wasip2",
]

[[package]]
name = "getrandom"
version = "0.4.3"
source = "registry+https://github.com/rust-lang/crates.io-index"
checksum = "845940933b5c54a34eac0f703872f1dd53af352768097a282f7fd09fcc2cf0c0"
dependencies = [
 "cfg-if",
 "libc",
 "r-efi 6.0.0",
 "wasip2",
 "wasip3",
]

[[package]]
name = "hash32"
version = "0.3.1"
source = "registry+https://github.com/rust-lang/crates.io-index"
checksum = "47d2f891153a4c51a9784c863a971572c08f10e4746216e9372c30b1ccb276b7"
dependencies = [
 "byteorder",
]

[[package]]
name = "hashbrown"
version = "0.17.1"
source = "registry+https://github.com/rust-lang/crates.io-index"
checksum = "48fcec6a7a4e1d8509e14f83ef5f011d0069a8425ffcf059db3978d002fbc4f5"

[[package]]
name = "heck"
version = "0.5.0"
source = "registry+https://github.com/rust-lang/crates.io-index"
checksum = "230d5c1519a4b451877c8e976b6f35d73a8d9cf6b3e330375021531f85d79074"

[[package]]
name = "hmac"
version = "0.12.1"
source = "registry+https://github.com/rust-lang/crates.io-index"
checksum = "6c49ec66d3089f9ce025264c6d31c6207a03434d4b7b81ea20c8bd77a35d706a"
dependencies = [
 "digest",
]

[[package]]
name = "iana-time-zone"
version = "0.1.65"
source = "registry+https://github.com/rust-lang/crates.io-index"
checksum = "45bd9c10b1b9a1b41432c56912c942c26701456a0b679cdddbf0a4b22cee8245"
dependencies = [
 "android_system_properties",
 "core-foundation-sys",
 "iana-time-zone-haiku",
 "js-sys",
 "log",
 "wasm-bindgen",
 "windows-core 0.62.2",
]

[[package]]
name = "ident_case"
version = "1.0.1"
source = "registry+https://github.com/rust-lang/crates.io-index"
checksum = "b9af3b981c7e3d56502ce3414aaabbe4e9f4c171d2e5c9b8632dd520bd58f6e4"

[[package]]
name = "indexmap"
version = "2.14.2"
source = "registry+https://github.com/rust-lang/crates.io-index"
checksum = "6e2fcf7fdce6fb11b384249eac6db16174bb36b5a11b5fd5d28f274bf9f5e2de"
dependencies = [
 "equivalent",
 "hashbrown",
]

[[package]]
name = "Inflector"
version = "0.11.4"
source = "registry+https://github.com/rust-lang/crates.io-index"
checksum = "fe438c63458706e03479442743baae6c88256498e6431708f6dfc520a26515d3"
dependencies = [
 "lazy_static",
 "regex",
]

# NOTE: The full generated Cargo.lock is preserved in the CI artifact
# `carbon-runtime-replay-v1` from workflow run 34396395162. The connector
# content size makes hand-copying the full generated lockfile unsafe here.
